
Microsoft Visual Studio Solution File, Format Version 12.00
# Visual Studio Version 17
VisualStudioVersion = 17.5.002.0
MinimumVisualStudioVersion = 10.0.40219.1
Project("{9A19103F-16F7-4668-BE54-9A1E7A4F7556}") = "main", "main.csproj", "{A857C5A0-1F19-4CB1-923A-E6909C373D11}"
EndProject
Global
	GlobalSection(SolutionConfigurationPlatforms) = preSolution
		Debug|Any CPU = Debug|Any CPU
		Release|Any CPU = Release|Any CPU
	EndGlobalSection
	GlobalSection(ProjectConfigurationPlatforms) = postSolution
		{A857C5A0-1F19-4CB1-923A-E6909C373D11}.Debug|Any CPU.ActiveCfg = Debug|Any CPU
		{A857C5A0-1F19-4CB1-923A-E6909C373D11}.Debug|Any CPU.Build.0 = Debug|Any CPU
		{A857C5A0-1F19-4CB1-923A-E6909C373D11}.Release|Any CPU.ActiveCfg = Release|Any CPU
		{A857C5A0-1F19-4CB1-923A-E6909C373D11}.Release|Any CPU.Build.0 = Release|Any CPU
	EndGlobalSection
	GlobalSection(SolutionProperties) = preSolution
		HideSolutionNode = FALSE
	EndGlobalSection
	GlobalSection(ExtensibilityGlobals) = postSolution
		SolutionGuid = {A8A6119E-98D6-42F6-8104-9BE331C4973C}
	EndGlobalSection
EndGlobal
